<?xml version="1.0" encoding="utf-8"?>
<Project ToolsVersion="4.0" xmlns="http://schemas.microsoft.com/developer/msbuild/2003">
  <ItemGroup>
    <Filter Include="Source Files">
      <UniqueIdentifier>{4FC737F1-C7A5-4376-A066-2A32D752A2FF}</UniqueIdentifier>
      <Extensions>cpp;c;cc;cxx;def;odl;idl;hpj;bat;asm;asmx</Extensions>
    </Filter>
    <Filter Include="Source Files\lwneuralnetplus">
      <UniqueIdentifier>{113de003-8b04-4d32-abb3-e26753541a37}</UniqueIdentifier>
    </Filter>
  </ItemGroup>
  <ItemGroup>
    <ClCompile Include="Market.cpp">
      <Filter>Source Files</Filter>
    </ClCompile>
    <ClCompile Include="ExpertAdvisor.cpp">
      <Filter>Source Files</Filter>
    </ClCompile>
    <ClCompile Include="TradingDay.cpp">
      <Filter>Source Files</Filter>
    </ClCompile>
    <ClCompile Include="Trade.cpp">
      <Filter>Source Files</Filter>
    </ClCompile>
    <ClCompile Include="Stock.cpp">
      <Filter>Source Files</Filter>
    </ClCompile>
    <ClCompile Include="Account.cpp">
      <Filter>Source Files</Filter>
    </ClCompile>
    <ClCompile Include="Tick.cpp">
      <Filter>Source Files</Filter>
    </ClCompile>
    <ClCompile Include="main.cpp">
      <Filter>Source Files</Filter>
    </ClCompile>
    <ClCompile Include="Event.cpp">
      <Filter>Source Files</Filter>
    </ClCompile>
    <ClCompile Include="TimePeriod.cpp">
      <Filter>Source Files</Filter>
    </ClCompile>
    <ClCompile Include="ExpertAdvisorLimitAdjuster.cpp">
      <Filter>Source Files</Filter>
    </ClCompile>
    <ClCompile Include="thirdparty\json11.cpp">
      <Filter>Source Files</Filter>
    </ClCompile>
    <ClCompile Include="Helpers.cpp">
      <Filter>Source Files</Filter>
    </ClCompile>
    <ClCompile Include="ExpertAdvisorAtama.cpp">
      <Filter>Source Files</Filter>
    </ClCompile>
    <ClCompile Include="..\deps\lwneuralnetplus\source\iomanage.cc">
      <Filter>Source Files\lwneuralnetplus</Filter>
    </ClCompile>
    <ClCompile Include="..\deps\lwneuralnetplus\source\iomanagebinary.cc">
      <Filter>Source Files\lwneuralnetplus</Filter>
    </ClCompile>
    <ClCompile Include="..\deps\lwneuralnetplus\source\iomanagelwnnfann.cc">
      <Filter>Source Files\lwneuralnetplus</Filter>
    </ClCompile>
    <ClCompile Include="..\deps\lwneuralnetplus\source\network.cc">
      <Filter>Source Files\lwneuralnetplus</Filter>
    </ClCompile>
    <ClCompile Include="..\deps\lwneuralnetplus\source\shuffle.cc">
      <Filter>Source Files\lwneuralnetplus</Filter>
    </ClCompile>
    <ClCompile Include="..\deps\lwneuralnetplus\source\sigmoidal.cc">
      <Filter>Source Files\lwneuralnetplus</Filter>
    </ClCompile>
    <ClCompile Include="..\deps\lwneuralnetplus\source\trainer.cc">
      <Filter>Source Files\lwneuralnetplus</Filter>
    </ClCompile>
    <ClCompile Include="ExpertAdvisorRSI.cpp">
      <Filter>Source Files</Filter>
    </ClCompile>
    <ClCompile Include="ExpertAdvisorBroker.cpp">
      <Filter>Source Files</Filter>
    </ClCompile>
  </ItemGroup>
  <ItemGroup>
    <ClInclude Include="Market.h" />
    <ClInclude Include="ExpertAdvisor.h" />
    <ClInclude Include="TradingDay.h" />
    <ClInclude Include="Trade.h" />
    <ClInclude Include="Stock.h" />
    <ClInclude Include="Account.h" />
    <ClInclude Include="Tick.h" />
    <ClInclude Include="Event.h" />
    <ClInclude Include="TimePeriod.h" />
    <ClInclude Include="ExpertAdvisorLimitAdjuster.h" />
    <ClInclude Include="thirdparty\json11.hpp" />
    <ClInclude Include="Helpers.h">
      <Filter>Source Files</Filter>
    </ClInclude>
    <ClInclude Include="ExpertAdvisorAtama.h" />
    <ClInclude Include="..\deps\lwneuralnetplus\source\iomanage.h">
      <Filter>Source Files\lwneuralnetplus</Filter>
    </ClInclude>
    <ClInclude Include="..\deps\lwneuralnetplus\source\iomanagebinary.h">
      <Filter>Source Files\lwneuralnetplus</Filter>
    </ClInclude>
    <ClInclude Include="..\deps\lwneuralnetplus\source\iomanagelwnnfann.h">
      <Filter>Source Files\lwneuralnetplus</Filter>
    </ClInclude>
    <ClInclude Include="..\deps\lwneuralnetplus\source\network.h">
      <Filter>Source Files\lwneuralnetplus</Filter>
    </ClInclude>
    <ClInclude Include="..\deps\lwneuralnetplus\source\shuffle.h">
      <Filter>Source Files\lwneuralnetplus</Filter>
    </ClInclude>
    <ClInclude Include="..\deps\lwneuralnetplus\source\trainer.h">
      <Filter>Source Files\lwneuralnetplus</Filter>
    </ClInclude>
    <ClInclude Include="ExpertAdvisorRSI.h" />
    <ClInclude Include="ExpertAdvisorBroker.h" />
  </ItemGroup>
</Project>