<?xml version="1.0" encoding="utf-8"?>
<Project ToolsVersion="4.0" xmlns="http://schemas.microsoft.com/developer/msbuild/2003">
  <ItemGroup>
    <Filter Include="Source Files">
      <UniqueIdentifier>{4FC737F1-C7A5-4376-A066-2A32D752A2FF}</UniqueIdentifier>
      <Extensions>cpp;c;cc;cxx;def;odl;idl;hpj;bat;asm;asmx</Extensions>
    </Filter>
    <Filter Include="Source Files\lwneuralnetplus">
      <UniqueIdentifier>{113de003-8b04-4d32-abb3-e26753541a37}</UniqueIdentifier>
    </Filter>
    <Filter Include="Deep Learning">
      <UniqueIdentifier>{3430d860-ae40-49a3-90fe-7fc817b0a3ea}</UniqueIdentifier>
    </Filter>
    <Filter Include="Source Files\thirdparty">
      <UniqueIdentifier>{1ce2965a-bb2a-4859-9923-ff21983c730f}</UniqueIdentifier>
    </Filter>
    <Filter Include="Source Files\Experts">
      <UniqueIdentifier>{432133c2-0433-44ea-adbb-42eed1384077}</UniqueIdentifier>
    </Filter>
    <Filter Include="Source Files\Experts\Technical">
      <UniqueIdentifier>{7c01b1ae-5852-477b-874e-7ab40c817c96}</UniqueIdentifier>
    </Filter>
    <Filter Include="Source Files\Experts\Supervisors">
      <UniqueIdentifier>{a3608e88-17d7-493f-bf82-c213ec4d596f}</UniqueIdentifier>
    </Filter>
    <Filter Include="Source Files\Core">
      <UniqueIdentifier>{b8953f1d-a782-4e09-b0e8-9755648beeac}</UniqueIdentifier>
    </Filter>
    <Filter Include="Source Files\Evaluation">
      <UniqueIdentifier>{1e762179-6baa-449b-9c86-d3f68c311017}</UniqueIdentifier>
    </Filter>
    <Filter Include="Source Files\Indicators">
      <UniqueIdentifier>{ae6d120c-6eca-4100-86c7-94bc532e099c}</UniqueIdentifier>
    </Filter>
    <Filter Include="Source Files\IO">
      <UniqueIdentifier>{44141a74-0d40-4366-b6a6-a889ece41d2e}</UniqueIdentifier>
    </Filter>
    <Filter Include="Source Files\Evaluation\VM">
      <UniqueIdentifier>{fd5291a5-3dfd-4296-834c-8e04df780485}</UniqueIdentifier>
    </Filter>
    <Filter Include="Interfaces">
      <UniqueIdentifier>{d1b22b49-84bd-438a-b7c6-216b10fea80d}</UniqueIdentifier>
    </Filter>
  </ItemGroup>
  <ItemGroup>
    <ClCompile Include="main.cpp">
      <Filter>Source Files</Filter>
    </ClCompile>
    <ClCompile Include="Helpers.cpp">
      <Filter>Source Files</Filter>
    </ClCompile>
    <ClCompile Include="..\deps\lwneuralnetplus\source\iomanage.cc">
      <Filter>Source Files\lwneuralnetplus</Filter>
    </ClCompile>
    <ClCompile Include="..\deps\lwneuralnetplus\source\iomanagebinary.cc">
      <Filter>Source Files\lwneuralnetplus</Filter>
    </ClCompile>
    <ClCompile Include="..\deps\lwneuralnetplus\source\iomanagelwnnfann.cc">
      <Filter>Source Files\lwneuralnetplus</Filter>
    </ClCompile>
    <ClCompile Include="..\deps\lwneuralnetplus\source\network.cc">
      <Filter>Source Files\lwneuralnetplus</Filter>
    </ClCompile>
    <ClCompile Include="..\deps\lwneuralnetplus\source\shuffle.cc">
      <Filter>Source Files\lwneuralnetplus</Filter>
    </ClCompile>
    <ClCompile Include="..\deps\lwneuralnetplus\source\sigmoidal.cc">
      <Filter>Source Files\lwneuralnetplus</Filter>
    </ClCompile>
    <ClCompile Include="..\deps\lwneuralnetplus\source\trainer.cc">
      <Filter>Source Files\lwneuralnetplus</Filter>
    </ClCompile>
    <ClCompile Include="DeepLearningNetwork.cpp">
      <Filter>Deep Learning</Filter>
    </ClCompile>
    <ClCompile Include="DeepLearningTest.cpp">
      <Filter>Deep Learning</Filter>
    </ClCompile>
    <ClCompile Include="..\deps\fann\floatfann.c">
      <Filter>Source Files\thirdparty</Filter>
    </ClCompile>
    <ClCompile Include="Market.cpp">
      <Filter>Source Files\Core</Filter>
    </ClCompile>
    <ClCompile Include="Stock.cpp">
      <Filter>Source Files\Core</Filter>
    </ClCompile>
    <ClCompile Include="TimePeriod.cpp">
      <Filter>Source Files\Core</Filter>
    </ClCompile>
    <ClCompile Include="Trade.cpp">
      <Filter>Source Files\Core</Filter>
    </ClCompile>
    <ClCompile Include="TradingDay.cpp">
      <Filter>Source Files\Core</Filter>
    </ClCompile>
    <ClCompile Include="Account.cpp">
      <Filter>Source Files\Core</Filter>
    </ClCompile>
    <ClCompile Include="Event.cpp">
      <Filter>Source Files\Core</Filter>
    </ClCompile>
    <ClCompile Include="Tick.cpp">
      <Filter>Source Files\Core</Filter>
    </ClCompile>
    <ClCompile Include="Indicators\ATR.cpp">
      <Filter>Source Files\Indicators</Filter>
    </ClCompile>
    <ClCompile Include="Indicators\Base.cpp">
      <Filter>Source Files\Indicators</Filter>
    </ClCompile>
    <ClCompile Include="Indicators\Moves.cpp">
      <Filter>Source Files\Indicators</Filter>
    </ClCompile>
    <ClCompile Include="Indicators\ADX.cpp">
      <Filter>Source Files\Indicators</Filter>
    </ClCompile>
    <ClCompile Include="Indicators\KRI.cpp">
      <Filter>Source Files\Indicators</Filter>
    </ClCompile>
    <ClCompile Include="Indicators\SMA.cpp">
      <Filter>Source Files\Indicators</Filter>
    </ClCompile>
    <ClCompile Include="Indicators\RSI.cpp">
      <Filter>Source Files\Indicators</Filter>
    </ClCompile>
    <ClCompile Include="Indicators\TSI.cpp">
      <Filter>Source Files\Indicators</Filter>
    </ClCompile>
    <ClCompile Include="Experts\ExpertAdvisorBroker.cpp">
      <Filter>Source Files\Experts\Supervisors</Filter>
    </ClCompile>
    <ClCompile Include="Experts\ExpertAdvisorLimitAdjuster.cpp">
      <Filter>Source Files\Experts\Supervisors</Filter>
    </ClCompile>
    <ClCompile Include="Experts\ExpertAdvisor.cpp">
      <Filter>Source Files\Experts</Filter>
    </ClCompile>
    <ClCompile Include="Experts\ExpertAdvisorAtama.cpp">
      <Filter>Source Files\Experts</Filter>
    </ClCompile>
    <ClCompile Include="Experts\ExpertAdvisorDumbo.cpp">
      <Filter>Source Files\Experts</Filter>
    </ClCompile>
    <ClCompile Include="IO\KeyValueDB.cpp">
      <Filter>Source Files\IO</Filter>
    </ClCompile>
    <ClCompile Include="IO\DataConverter.cpp">
      <Filter>Source Files\IO</Filter>
    </ClCompile>
    <ClCompile Include="Evaluation\Statistics.cpp">
      <Filter>Source Files\Evaluation</Filter>
    </ClCompile>
    <ClCompile Include="Evaluation\VirtualMarket.cpp">
      <Filter>Source Files\Evaluation</Filter>
    </ClCompile>
    <ClCompile Include="thirdparty\json11.cpp">
      <Filter>Source Files\thirdparty</Filter>
    </ClCompile>
    <ClCompile Include="Evaluation\VM\Profiler.cpp">
      <Filter>Source Files\Evaluation\VM</Filter>
    </ClCompile>
    <ClCompile Include="Interfaces\Expert.pb.cc">
      <Filter>Interfaces</Filter>
    </ClCompile>
    <ClCompile Include="Experts\ExpertAdvisorExternal.cpp">
      <Filter>Source Files\Experts</Filter>
    </ClCompile>
    <ClCompile Include="Indicators\StochasticOscillator.cpp">
      <Filter>Source Files\Indicators</Filter>
    </ClCompile>
    <ClCompile Include="Experts\Technical\ExpertAdvisorMAAnalyser.cpp">
      <Filter>Source Files\Experts\Technical</Filter>
    </ClCompile>
    <ClCompile Include="Experts\Technical\ExpertAdvisorRSI.cpp">
      <Filter>Source Files\Experts\Technical</Filter>
    </ClCompile>
    <ClCompile Include="Experts\Technical\ExpertAdvisorTechnical.cpp">
      <Filter>Source Files\Experts\Technical</Filter>
    </ClCompile>
    <ClCompile Include="Experts\Technical\ExpertAdvisorTSI.cpp">
      <Filter>Source Files\Experts\Technical</Filter>
    </ClCompile>
    <ClCompile Include="Experts\Technical\ExpertAdvisorStochasticOscillator.cpp">
      <Filter>Source Files\Experts\Technical</Filter>
    </ClCompile>
    <ClCompile Include="Indicators\Renko.cpp">
      <Filter>Source Files\Indicators</Filter>
    </ClCompile>
    <ClCompile Include="Experts\Technical\ExpertAdvisorRenko.cpp">
      <Filter>Source Files\Experts\Technical</Filter>
    </ClCompile>
  </ItemGroup>
  <ItemGroup>
    <ClInclude Include="Market.h" />
    <ClInclude Include="TradingDay.h" />
    <ClInclude Include="Trade.h" />
    <ClInclude Include="Stock.h" />
    <ClInclude Include="Account.h" />
    <ClInclude Include="Tick.h" />
    <ClInclude Include="Event.h" />
    <ClInclude Include="TimePeriod.h" />
    <ClInclude Include="Helpers.h">
      <Filter>Source Files</Filter>
    </ClInclude>
    <ClInclude Include="..\deps\lwneuralnetplus\source\iomanage.h">
      <Filter>Source Files\lwneuralnetplus</Filter>
    </ClInclude>
    <ClInclude Include="..\deps\lwneuralnetplus\source\iomanagebinary.h">
      <Filter>Source Files\lwneuralnetplus</Filter>
    </ClInclude>
    <ClInclude Include="..\deps\lwneuralnetplus\source\iomanagelwnnfann.h">
      <Filter>Source Files\lwneuralnetplus</Filter>
    </ClInclude>
    <ClInclude Include="..\deps\lwneuralnetplus\source\network.h">
      <Filter>Source Files\lwneuralnetplus</Filter>
    </ClInclude>
    <ClInclude Include="..\deps\lwneuralnetplus\source\shuffle.h">
      <Filter>Source Files\lwneuralnetplus</Filter>
    </ClInclude>
    <ClInclude Include="..\deps\lwneuralnetplus\source\trainer.h">
      <Filter>Source Files\lwneuralnetplus</Filter>
    </ClInclude>
    <ClInclude Include="DeepLearningNetwork.h">
      <Filter>Deep Learning</Filter>
    </ClInclude>
    <ClInclude Include="DeepLearningTest.h">
      <Filter>Deep Learning</Filter>
    </ClInclude>
    <ClInclude Include="resource.h" />
    <ClInclude Include="..\deps\lwneuralnetplus\all.h">
      <Filter>Source Files\lwneuralnetplus</Filter>
    </ClInclude>
    <ClInclude Include="Indicators\ATR.h">
      <Filter>Source Files\Indicators</Filter>
    </ClInclude>
    <ClInclude Include="Indicators\Base.h">
      <Filter>Source Files\Indicators</Filter>
    </ClInclude>
    <ClInclude Include="Indicators\Moves.h">
      <Filter>Source Files\Indicators</Filter>
    </ClInclude>
    <ClInclude Include="Indicators\ADX.h">
      <Filter>Source Files\Indicators</Filter>
    </ClInclude>
    <ClInclude Include="Indicators\KRI.h">
      <Filter>Source Files\Indicators</Filter>
    </ClInclude>
    <ClInclude Include="Indicators\SMA.h">
      <Filter>Source Files\Indicators</Filter>
    </ClInclude>
    <ClInclude Include="Indicators\RSI.h">
      <Filter>Source Files\Indicators</Filter>
    </ClInclude>
    <ClInclude Include="Indicators\TSI.h">
      <Filter>Source Files\Indicators</Filter>
    </ClInclude>
    <ClInclude Include="Experts\ExpertAdvisorBroker.h">
      <Filter>Source Files\Experts\Supervisors</Filter>
    </ClInclude>
    <ClInclude Include="Experts\ExpertAdvisorLimitAdjuster.h">
      <Filter>Source Files\Experts\Supervisors</Filter>
    </ClInclude>
    <ClInclude Include="Experts\ExpertAdvisor.h">
      <Filter>Source Files\Experts</Filter>
    </ClInclude>
    <ClInclude Include="Experts\ExpertAdvisorAtama.h">
      <Filter>Source Files\Experts</Filter>
    </ClInclude>
    <ClInclude Include="Experts\ExpertAdvisorDumbo.h">
      <Filter>Source Files\Experts</Filter>
    </ClInclude>
    <ClInclude Include="IO\KeyValueDB.h">
      <Filter>Source Files\IO</Filter>
    </ClInclude>
    <ClInclude Include="DataConverter.h" />
    <ClInclude Include="IO\DataConverter.h">
      <Filter>Source Files\IO</Filter>
    </ClInclude>
    <ClInclude Include="Evaluation\Statistics.h">
      <Filter>Source Files\Evaluation</Filter>
    </ClInclude>
    <ClInclude Include="Evaluation\VirtualMarket.h">
      <Filter>Source Files\Evaluation</Filter>
    </ClInclude>
    <ClInclude Include="thirdparty\json11.hpp">
      <Filter>Source Files\thirdparty</Filter>
    </ClInclude>
    <ClInclude Include="Evaluation\VM\Profiler.h">
      <Filter>Source Files\Evaluation\VM</Filter>
    </ClInclude>
    <ClInclude Include="Interfaces\Expert.pb.h">
      <Filter>Interfaces</Filter>
    </ClInclude>
    <ClInclude Include="Experts\ExpertAdvisorExternal.h">
      <Filter>Source Files\Experts</Filter>
    </ClInclude>
    <ClInclude Include="Indicators\StochasticOscillator.h">
      <Filter>Source Files\Indicators</Filter>
    </ClInclude>
    <ClInclude Include="Experts\Technical\ExpertAdvisorMAAnalyser.h">
      <Filter>Source Files\Experts\Technical</Filter>
    </ClInclude>
    <ClInclude Include="Experts\Technical\ExpertAdvisorRSI.h">
      <Filter>Source Files\Experts\Technical</Filter>
    </ClInclude>
    <ClInclude Include="Experts\Technical\ExpertAdvisorTechnical.h">
      <Filter>Source Files\Experts\Technical</Filter>
    </ClInclude>
    <ClInclude Include="Experts\Technical\ExpertAdvisorTSI.h">
      <Filter>Source Files\Experts\Technical</Filter>
    </ClInclude>
    <ClInclude Include="Experts\Technical\ExpertAdvisorStochasticOscillator.h">
      <Filter>Source Files\Experts\Technical</Filter>
    </ClInclude>
    <ClInclude Include="Indicators\Renko.h">
      <Filter>Source Files\Indicators</Filter>
    </ClInclude>
    <ClInclude Include="Experts\Technical\ExpertAdvisorRenko.h">
      <Filter>Source Files\Experts\Technical</Filter>
    </ClInclude>
  </ItemGroup>
  <ItemGroup>
    <ResourceCompile Include="MagicMarket.rc" />
  </ItemGroup>
</Project>